{
  "lockfileVersion": 1,
  "configVersion": 1,
  "workspaces": {
    "": {
      "name": "@n4bb12/dotfiles",
      "dependencies": {
        "@ai-sdk/google": "^3.0.64",
        "@openrouter/ai-sdk-provider": "^2.8.1",
        "ai": "^6.0.168",
      },
      "devDependencies": {
        "@types/node": "^25.6.0",
        "@typescript/native-preview": "^7.0.0-dev.20260428.1",
        "prettier": "^3.8.3",
        "typescript": "^6.0.3",
      },
    },
  },
  "packages": {
    "@ai-sdk/gateway": ["@ai-sdk/gateway@3.0.104", "", { "dependencies": { "@ai-sdk/provider": "3.0.8", "@ai-sdk/provider-utils": "4.0.23", "@vercel/oidc": "3.2.0" }, "peerDependencies": { "zod": "^3.25.76 || ^4.1.8" } }, "sha512-ZKX5n74io8VIRlhIMSLWVlvT3sXC8Z7cZ9GHuWBWZDVi96+62AIsWuLGvMfcBA1STYuSoDrp6rIziZmvrTq0TA=="],

    "@ai-sdk/google": ["@ai-sdk/google@3.0.64", "", { "dependencies": { "@ai-sdk/provider": "3.0.8", "@ai-sdk/provider-utils": "4.0.23" }, "peerDependencies": { "zod": "^3.25.76 || ^4.1.8" } }, "sha512-CbR82EgGPNrj/6q0HtclwuCqe0/pDShyv3nWDP/A9DroujzWXnLMlUJVrgPOsg4b40zQCwwVs2XSKCxvt/4QaA=="],

    "@ai-sdk/provider": ["@ai-sdk/provider@3.0.8", "", { "dependencies": { "json-schema": "^0.4.0" } }, "sha512-oGMAgGoQdBXbZqNG0Ze56CHjDZ1IDYOwGYxYjO5KLSlz5HiNQ9udIXsPZ61VWaHGZ5XW/jyjmr6t2xz2jGVwbQ=="],

    "@ai-sdk/provider-utils": ["@ai-sdk/provider-utils@4.0.23", "", { "dependencies": { "@ai-sdk/provider": "3.0.8", "@standard-schema/spec": "^1.1.0", "eventsource-parser": "^3.0.6" }, "peerDependencies": { "zod": "^3.25.76 || ^4.1.8" } }, "sha512-z8GlDaCmRSDlqkMF2f4/RFgWxdarvIbyuk+m6WXT1LYgsnGiXRJGTD2Z1+SDl3LqtFuRtGX1aghYvQLoHL/9pg=="],

    "@openrouter/ai-sdk-provider": ["@openrouter/ai-sdk-provider@2.8.1", "", { "peerDependencies": { "ai": "^6.0.0", "zod": "^3.25.0 || ^4.0.0" } }, "sha512-Y6j3yivgoEUf/kutD/k5GX/mzZfioRFoSx0gbQ+mIOzMaH/vJv1rCkztiuvlLw5xRYQil7oxHUZvmSfXqOx1NQ=="],

    "@opentelemetry/api": ["@opentelemetry/api@1.9.0", "", {}, "sha512-3giAOQvZiH5F9bMlMiv8+GSPMeqg0dbaeo58/0SlA9sxSqZhnUtxzX9/2FzyhS9sWQf5S0GJE0AKBrFqjpeYcg=="],

    "@standard-schema/spec": ["@standard-schema/spec@1.1.0", "", {}, "sha512-l2aFy5jALhniG5HgqrD6jXLi/rUWrKvqN/qJx6yoJsgKhblVd+iqqU4RCXavm/jPityDo5TCvKMnpjKnOriy0w=="],

    "@types/node": ["@types/node@25.6.0", "", { "dependencies": { "undici-types": "~7.19.0" } }, "sha512-+qIYRKdNYJwY3vRCZMdJbPLJAtGjQBudzZzdzwQYkEPQd+PJGixUL5QfvCLDaULoLv+RhT3LDkwEfKaAkgSmNQ=="],

    "@typescript/native-preview": ["@typescript/native-preview@7.0.0-dev.20260428.1", "", { "optionalDependencies": { "@typescript/native-preview-darwin-arm64": "7.0.0-dev.20260428.1", "@typescript/native-preview-darwin-x64": "7.0.0-dev.20260428.1", "@typescript/native-preview-linux-arm": "7.0.0-dev.20260428.1", "@typescript/native-preview-linux-arm64": "7.0.0-dev.20260428.1", "@typescript/native-preview-linux-x64": "7.0.0-dev.20260428.1", "@typescript/native-preview-win32-arm64": "7.0.0-dev.20260428.1", "@typescript/native-preview-win32-x64": "7.0.0-dev.20260428.1" }, "bin": { "tsgo": "bin/tsgo.js" } }, "sha512-JiM4PYWDGs57TT0mV2KArmaW7BnTkk3XRid79NdG17tfvDbRyg4hBCpKI7vARiQPtxjKrHlxyzxOGDpv5W5T7Q=="],

    "@typescript/native-preview-darwin-arm64": ["@typescript/native-preview-darwin-arm64@7.0.0-dev.20260428.1", "", { "os": "darwin", "cpu": "arm64" }, "sha512-Lll6WmXfgTEj1G3QBIoHlabQwUtJiyhlRgSLksa06QFL5BoA7V+Lu1waa9PtPNZbGsXLDMHodtk/bRQABKuPiw=="],

    "@typescript/native-preview-darwin-x64": ["@typescript/native-preview-darwin-x64@7.0.0-dev.20260428.1", "", { "os": "darwin", "cpu": "x64" }, "sha512-WbsBNSHlo+4sGrTxDWdmI7r8x48tCtSCuKdmK62FvVOq58UWAs6sL13Z4Rev4ohLcGHdXC5E/8AIdpLPqDYQpw=="],

    "@typescript/native-preview-linux-arm": ["@typescript/native-preview-linux-arm@7.0.0-dev.20260428.1", "", { "os": "linux", "cpu": "arm" }, "sha512-/d/NnZFvEJU67L5mHh+cO3gsfwNCvJ9HGtxGq1KGz1VwTabOIcwLdpTpfsAR39WXzzfh9GJHL28n6GSGZInPow=="],

    "@typescript/native-preview-linux-arm64": ["@typescript/native-preview-linux-arm64@7.0.0-dev.20260428.1", "", { "os": "linux", "cpu": "arm64" }, "sha512-cgcBX/ZBMdepkamLT8g8jQdHe7DZS/s6zTZRof6mvcrnJHlMeUnKoC9UO8/c22IrUMV3n0XPh7R8FYjUP0ll+Q=="],

    "@typescript/native-preview-linux-x64": ["@typescript/native-preview-linux-x64@7.0.0-dev.20260428.1", "", { "os": "linux", "cpu": "x64" }, "sha512-4gJCE7wzenx1BH2Vtx2uKWUo8rFxnhGkxNEH1zxbYy/6ASwo+PnOPYmKHAzNE1C3yB5lzw71/vR5p5zyO57Y4A=="],

    "@typescript/native-preview-win32-arm64": ["@typescript/native-preview-win32-arm64@7.0.0-dev.20260428.1", "", { "os": "win32", "cpu": "arm64" }, "sha512-yn6Rzbn62L4QTWrp0QgG8al6l/VG7PCPRdbE0vuGDSlKhInlC+Flo4QSc1qA8KHTbpHgl+nEsq9DymiitI4G4g=="],

    "@typescript/native-preview-win32-x64": ["@typescript/native-preview-win32-x64@7.0.0-dev.20260428.1", "", { "os": "win32", "cpu": "x64" }, "sha512-T9z13mcMowXmwGjprA2FIR2EEdYZxgqH8+qk7dFZVBlo5vfk41AN/qJfAdN7IsAhEb640MJ8cMN/aiczweZKmA=="],

    "@vercel/oidc": ["@vercel/oidc@3.2.0", "", {}, "sha512-UycprH3T6n3jH0k44NHMa7pnFHGu/N05MjojYr+Mc6I7obkoLIJujSWwin1pCvdy/eOxrI/l3uDLQsmcrOb4ug=="],

    "ai": ["ai@6.0.168", "", { "dependencies": { "@ai-sdk/gateway": "3.0.104", "@ai-sdk/provider": "3.0.8", "@ai-sdk/provider-utils": "4.0.23", "@opentelemetry/api": "1.9.0" }, "peerDependencies": { "zod": "^3.25.76 || ^4.1.8" } }, "sha512-2HqCJuO+1V2aV7vfYs5LFEUfxbkGX+5oa54q/gCCTL7KLTdbxcCu5D7TdLA5kwsrs3Szgjah9q6D9tpjHM3hUQ=="],

    "eventsource-parser": ["eventsource-parser@3.0.8", "", {}, "sha512-70QWGkr4snxr0OXLRWsFLeRBIRPuQOvt4s8QYjmUlmlkyTZkRqS7EDVRZtzU3TiyDbXSzaOeF0XUKy8PchzukQ=="],

    "json-schema": ["json-schema@0.4.0", "", {}, "sha512-es94M3nTIfsEPisRafak+HDLfHXnKBhV3vU5eqPcS3flIWqcxJWgXHXiey3YrpaNsanY5ei1VoYEbOzijuq9BA=="],

    "prettier": ["prettier@3.8.3", "", { "bin": { "prettier": "bin/prettier.cjs" } }, "sha512-7igPTM53cGHMW8xWuVTydi2KO233VFiTNyF5hLJqpilHfmn8C8gPf+PS7dUT64YcXFbiMGZxS9pCSxL/Dxm/Jw=="],

    "typescript": ["typescript@6.0.3", "", { "bin": { "tsc": "bin/tsc", "tsserver": "bin/tsserver" } }, "sha512-y2TvuxSZPDyQakkFRPZHKFm+KKVqIisdg9/CZwm9ftvKXLP8NRWj38/ODjNbr43SsoXqNuAisEf1GdCxqWcdBw=="],

    "undici-types": ["undici-types@7.19.2", "", {}, "sha512-qYVnV5OEm2AW8cJMCpdV20CDyaN3g0AjDlOGf1OW4iaDEx8MwdtChUp4zu4H0VP3nDRF/8RKWH+IPp9uW0YGZg=="],

    "zod": ["zod@4.3.6", "", {}, "sha512-rftlrkhHZOcjDwkGlnUtZZkvaPHCsDATp4pGpuOOMDaTdDDXF91wuVDJoWoPsKX/3YPQ5fHuF3STjcYyKr+Qhg=="],
  }
}
