{
  "lockfileVersion": 1,
  "configVersion": 1,
  "workspaces": {
    "": {
      "name": "@n4bb12/dotfiles",
      "dependencies": {
        "@ai-sdk/google": "^3.0.82",
        "@openrouter/ai-sdk-provider": "^2.9.1",
        "ai": "^6.0.206",
      },
      "devDependencies": {
        "@types/node": "^25.9.3",
        "@typescript/native-preview": "^7.0.0-dev.20260616.1",
        "prettier": "^3.8.4",
        "typescript": "^6.0.3",
      },
    },
  },
  "packages": {
    "@ai-sdk/gateway": ["@ai-sdk/gateway@3.0.132", "", { "dependencies": { "@ai-sdk/provider": "3.0.10", "@ai-sdk/provider-utils": "4.0.29", "@vercel/oidc": "3.2.0" }, "peerDependencies": { "zod": "^3.25.76 || ^4.1.8" } }, "sha512-sFZFGk6aVSNKmgDrb14efaAbvM71AB3UUvaTsU+bvhWP9jrkRrwix/jFX8IoOAJk0/X7Xf7p3m0J2O2G6ljZbA=="],

    "@ai-sdk/google": ["@ai-sdk/google@3.0.82", "", { "dependencies": { "@ai-sdk/provider": "3.0.10", "@ai-sdk/provider-utils": "4.0.29" }, "peerDependencies": { "zod": "^3.25.76 || ^4.1.8" } }, "sha512-md+M92ZJuPIMU2p4v1rGLpJJWTmTh/vpJPkMnQbEdcLaPTZxRaroIKSnmL/9UGJV0BORJlHNDJegkcnhVpTmDA=="],

    "@ai-sdk/provider": ["@ai-sdk/provider@3.0.10", "", { "dependencies": { "json-schema": "^0.4.0" } }, "sha512-Q3BZ27qfpYqnCYGvE3vt+Qi6LGOF9R5Nmzn+9JoM1lCRsD9mYaIhfJLkSunN48nfGXJ6n+XNV0J/XVpqGQl7Dw=="],

    "@ai-sdk/provider-utils": ["@ai-sdk/provider-utils@4.0.29", "", { "dependencies": { "@ai-sdk/provider": "3.0.10", "@standard-schema/spec": "^1.1.0", "eventsource-parser": "^3.0.8" }, "peerDependencies": { "zod": "^3.25.76 || ^4.1.8" } }, "sha512-uhukHaCBvqkwBHkT8C2PrnqKTCoLn3pdHXqtcR9I8ErH+flbzgW4o7VHSNIup9LRu+WBvZIZDQLsx6rwl2tiOA=="],

    "@openrouter/ai-sdk-provider": ["@openrouter/ai-sdk-provider@2.9.1", "", { "peerDependencies": { "ai": "^6.0.0", "zod": "^3.25.0 || ^4.0.0" } }, "sha512-okgq07Vdkro4CB5INbfhwa0e6VR1HS7sidNcfHN/MeXLJvX1JmQCff/vem6tcxwT9r1avyFrXSlfv9B28D/Pag=="],

    "@opentelemetry/api": ["@opentelemetry/api@1.9.0", "", {}, "sha512-3giAOQvZiH5F9bMlMiv8+GSPMeqg0dbaeo58/0SlA9sxSqZhnUtxzX9/2FzyhS9sWQf5S0GJE0AKBrFqjpeYcg=="],

    "@standard-schema/spec": ["@standard-schema/spec@1.1.0", "", {}, "sha512-l2aFy5jALhniG5HgqrD6jXLi/rUWrKvqN/qJx6yoJsgKhblVd+iqqU4RCXavm/jPityDo5TCvKMnpjKnOriy0w=="],

    "@types/node": ["@types/node@25.9.3", "", { "dependencies": { "undici-types": ">=7.24.0 <7.24.7" } }, "sha512-603BddQMv3pUcr4U2dhujk83N2tTDVr/34wII2B6bJy6g+8WD6yUb11jszNs0gdi4PesVWl7ABt8nYMVpnLUcg=="],

    "@typescript/native-preview": ["@typescript/native-preview@7.0.0-dev.20260616.1", "", { "optionalDependencies": { "@typescript/native-preview-darwin-arm64": "7.0.0-dev.20260616.1", "@typescript/native-preview-darwin-x64": "7.0.0-dev.20260616.1", "@typescript/native-preview-linux-arm": "7.0.0-dev.20260616.1", "@typescript/native-preview-linux-arm64": "7.0.0-dev.20260616.1", "@typescript/native-preview-linux-x64": "7.0.0-dev.20260616.1", "@typescript/native-preview-win32-arm64": "7.0.0-dev.20260616.1", "@typescript/native-preview-win32-x64": "7.0.0-dev.20260616.1" }, "bin": { "tsgo": "bin/tsgo.js" } }, "sha512-+AuZUl7nkLPXL1rwsyZZF7iasu0HkrL5O6aWwUC0cObD5EvNgxz3hXbBhsSvuJ8tb2JRpVwFsE0BHPcYVe5GkA=="],

    "@typescript/native-preview-darwin-arm64": ["@typescript/native-preview-darwin-arm64@7.0.0-dev.20260616.1", "", { "os": "darwin", "cpu": "arm64" }, "sha512-9SwegwwE7fYutnZJjTi2PeUXhKGFg82MGjSpCFD2cj5v9YQcs5oO5QsmeeMit4fMG8Z83Jy8knOF97d9NaQ7Bg=="],

    "@typescript/native-preview-darwin-x64": ["@typescript/native-preview-darwin-x64@7.0.0-dev.20260616.1", "", { "os": "darwin", "cpu": "x64" }, "sha512-gl7R8OiwEBNxzs5wjbM9XOibTs5b6/gAgu0+En9pLpYuWR/EITs8Eh0mNQui4JYTp1SkoHvn09aRZKTQf21XTg=="],

    "@typescript/native-preview-linux-arm": ["@typescript/native-preview-linux-arm@7.0.0-dev.20260616.1", "", { "os": "linux", "cpu": "arm" }, "sha512-QWXQS2CrhSpXbng7vBtCVDszFgwVBuJU8MCFhxZL0hH6s+XjQDSNNkGO1oHueBr+7HbSkkyqfNYVNXvgVMUJLQ=="],

    "@typescript/native-preview-linux-arm64": ["@typescript/native-preview-linux-arm64@7.0.0-dev.20260616.1", "", { "os": "linux", "cpu": "arm64" }, "sha512-CJjplWoE+EeYtbyNeP4fyuh0QcPiQBZJSLqPS07E3ugo3d9M/IG8WnL+3GFQ0g1p4c6QC/+OC0oTTQnGcNdd2Q=="],

    "@typescript/native-preview-linux-x64": ["@typescript/native-preview-linux-x64@7.0.0-dev.20260616.1", "", { "os": "linux", "cpu": "x64" }, "sha512-UVySBNnGTAnul2kO2/EhlVZl0CeTDcd6Lzi+WkvgyCgapTcU0BX1selQ4MEPtbVWKUbt9HBhxNku2dyaCcmKVw=="],

    "@typescript/native-preview-win32-arm64": ["@typescript/native-preview-win32-arm64@7.0.0-dev.20260616.1", "", { "os": "win32", "cpu": "arm64" }, "sha512-kdX0QcDXiESH0o5DFdSWw15Hth0EtQobT9tX28ofqBUwGU1FFhwTKzA6qo7chaYUSW5MMd6XIME9rBwk+WizLw=="],

    "@typescript/native-preview-win32-x64": ["@typescript/native-preview-win32-x64@7.0.0-dev.20260616.1", "", { "os": "win32", "cpu": "x64" }, "sha512-EB0Pj/0+nXifS3+wN0HdR1mKu7IieSpjMXoDjdXtJAdiPGlmKazBgHj97qn6CBvXisgLx0Eyb7tLCEQNDG53cA=="],

    "@vercel/oidc": ["@vercel/oidc@3.2.0", "", {}, "sha512-UycprH3T6n3jH0k44NHMa7pnFHGu/N05MjojYr+Mc6I7obkoLIJujSWwin1pCvdy/eOxrI/l3uDLQsmcrOb4ug=="],

    "ai": ["ai@6.0.206", "", { "dependencies": { "@ai-sdk/gateway": "3.0.132", "@ai-sdk/provider": "3.0.10", "@ai-sdk/provider-utils": "4.0.29", "@opentelemetry/api": "^1.9.0" }, "peerDependencies": { "zod": "^3.25.76 || ^4.1.8" } }, "sha512-hVdB5PozMMxmkPBfbCxkFOn0eVeCMi/imkfPvk65cxL4O8oIrvjUxDUX8dGkdkWG1No+R7e7D9ti2DHO61Z4YQ=="],

    "eventsource-parser": ["eventsource-parser@3.0.8", "", {}, "sha512-70QWGkr4snxr0OXLRWsFLeRBIRPuQOvt4s8QYjmUlmlkyTZkRqS7EDVRZtzU3TiyDbXSzaOeF0XUKy8PchzukQ=="],

    "json-schema": ["json-schema@0.4.0", "", {}, "sha512-es94M3nTIfsEPisRafak+HDLfHXnKBhV3vU5eqPcS3flIWqcxJWgXHXiey3YrpaNsanY5ei1VoYEbOzijuq9BA=="],

    "prettier": ["prettier@3.8.4", "", { "bin": { "prettier": "bin/prettier.cjs" } }, "sha512-N2MylSdi48+5N/6S5j+maeHbUSIzzZ5uOcX5Hm4QpV8Dkb1HFjfAKTKX6yNPJQD9AhcT3ifHNB66tWTTJDi11Q=="],

    "typescript": ["typescript@6.0.3", "", { "bin": { "tsc": "bin/tsc", "tsserver": "bin/tsserver" } }, "sha512-y2TvuxSZPDyQakkFRPZHKFm+KKVqIisdg9/CZwm9ftvKXLP8NRWj38/ODjNbr43SsoXqNuAisEf1GdCxqWcdBw=="],

    "undici-types": ["undici-types@7.24.6", "", {}, "sha512-WRNW+sJgj5OBN4/0JpHFqtqzhpbnV0GuB+OozA9gCL7a993SmU+1JBZCzLNxYsbMfIeDL+lTsphD5jN5N+n0zg=="],

    "zod": ["zod@4.3.6", "", {}, "sha512-rftlrkhHZOcjDwkGlnUtZZkvaPHCsDATp4pGpuOOMDaTdDDXF91wuVDJoWoPsKX/3YPQ5fHuF3STjcYyKr+Qhg=="],
  }
}
