# This file is generated by running "yarn install" inside your project.
# Manual changes might be lost - proceed with caution!

__metadata:
  version: 8
  cacheKey: 10

"@n4bb12/dotfiles@workspace:.":
  version: 0.0.0-use.local
  resolution: "@n4bb12/dotfiles@workspace:."
  dependencies:
    prettier: "npm:^3.1.0"
  languageName: unknown
  linkType: soft

"prettier@npm:^3.1.0":
  version: 3.1.0
  resolution: "prettier@npm:3.1.0"
  bin:
    prettier: bin/prettier.cjs
  checksum: e95e8f93c6b9aea2ac1e86bebe329bee90c8c50d9a23d1f593eba8d7f39b33b3641eb28785001505b6723c47895a5322ad12a2fb855b289cb7bae450ffc34425
  languageName: node
  linkType: hard
